{
  "nodes": {
    "nixpkgs": {
      "locked": {
        "lastModified": 1788204211,
        "narHash": "sha256-lfHt5Pw5SNEagmtqCHNr/NFa2hBgM3c+rWhoITinuks=",
        "owner": "rstats-on-nix",
        "repo": "nixpkgs",
        "rev": "50ca267d574237d942c130eaadd1ac3380f936ad",
        "type": "github"
      },
      "original": {
        "owner": "rstats-on-nix",
        "ref": "2026-08-31",
        "repo": "nixpkgs",
        "type": "github"
      }
    },
    "root": {
      "inputs": {
        "nixpkgs": "nixpkgs"
      }
    }
  },
  "root": "root",
  "version": 7
}
