{
  "nodes": {
    "nixpkgs": {
      "locked": {
        "lastModified": 1758544366,
        "narHash": "sha256-E4axZcxc3GF4zu9HZvzfsc+5C592TlXfMyWU4OUsey0=",
        "owner": "rstats-on-nix",
        "repo": "nixpkgs",
        "rev": "ca6ec973f278000cd777f77fce0b0a4e6995319e",
        "type": "github"
      },
      "original": {
        "owner": "rstats-on-nix",
        "ref": "2025-09-22",
        "repo": "nixpkgs",
        "type": "github"
      }
    },
    "root": {
      "inputs": {
        "nixpkgs": "nixpkgs"
      }
    }
  },
  "root": "root",
  "version": 7
}
